{
	"name": "typeblr",
	"version": "0.0.1",
	"lockfileVersion": 3,
	"requires": true,
	"packages": {
		"": {
			"name": "typeblr",
			"version": "0.0.1",
			"license": "MIT",
			"dependencies": {
				"oauth": "^0.10.0"
			},
			"devDependencies": {
				"@types/oauth": "^0.9.1",
				"typescript": "^4.9.5"
			}
		},
		"node_modules/@types/node": {
			"version": "18.11.18",
			"resolved": "https://registry.npmjs.org/@types/node/-/node-18.11.18.tgz",
			"integrity": "sha512-DHQpWGjyQKSHj3ebjFI/wRKcqQcdR+MoFBygntYOZytCqNfkd2ZC4ARDJ2DQqhjH5p85Nnd3jhUJIXrszFX/JA==",
			"dev": true
		},
		"node_modules/@types/oauth": {
			"version": "0.9.1",
			"resolved": "https://registry.npmjs.org/@types/oauth/-/oauth-0.9.1.tgz",
			"integrity": "sha512-a1iY62/a3yhZ7qH7cNUsxoI3U/0Fe9+RnuFrpTKr+0WVOzbKlSLojShCKe20aOD1Sppv+i8Zlq0pLDuTJnwS4A==",
			"dev": true,
			"dependencies": {
				"@types/node": "*"
			}
		},
		"node_modules/oauth": {
			"version": "0.10.0",
			"resolved": "https://registry.npmjs.org/oauth/-/oauth-0.10.0.tgz",
			"integrity": "sha512-1orQ9MT1vHFGQxhuy7E/0gECD3fd2fCC+PIX+/jgmU/gI3EpRocXtmtvxCO5x3WZ443FLTLFWNDjl5MPJf9u+Q=="
		},
		"node_modules/typescript": {
			"version": "4.9.5",
			"resolved": "https://registry.npmjs.org/typescript/-/typescript-4.9.5.tgz",
			"integrity": "sha512-1FXk9E2Hm+QzZQ7z+McJiHL4NW1F2EzMu9Nq9i3zAaGqibafqYwCVU6WyWAuyQRRzOlxou8xZSyXLEN8oKj24g==",
			"dev": true,
			"bin": {
				"tsc": "bin/tsc",
				"tsserver": "bin/tsserver"
			},
			"engines": {
				"node": ">=4.2.0"
			}
		}
	}
}
